{
  "version": 4,
  "terraform_version": "1.6.3",
  "serial": 105,
  "lineage": "7f0199a8-af51-bbcf-44e6-c403c5557a5c",
  "outputs": {
    "cloud_sql_connection_name": {
      "value": "named-archway-413111:us-central1:my-cloud-sql-instance",
      "type": "string"
    },
    "cloud_sql_database_name": {
      "value": "my-database",
      "type": "string"
    },
    "cloud_sql_instance_ip": {
      "value": [
        {
          "ip_address": "34.41.241.216",
          "time_to_retire": "",
          "type": "PRIMARY"
        }
      ],
      "type": [
        "list",
        [
          "object",
          {
            "ip_address": "string",
            "time_to_retire": "string",
            "type": "string"
          }
        ]
      ]
    }
  },
  "resources": [
    {
      "mode": "managed",
      "type": "google_cloud_run_service",
      "name": "cloud_run_service",
      "provider": "provider[\"registry.terraform.io/hashicorp/google\"]",
      "instances": [
        {
          "status": "tainted",
          "schema_version": 2,
          "attributes": {
            "autogenerate_revision_name": false,
            "id": "locations/us-central1/namespaces/named-archway-413111/services/my-cloud-run-service",
            "location": "us-central1",
            "metadata": null,
            "name": "my-cloud-run-service",
            "project": "named-archway-413111",
            "status": null,
            "template": [
              {
                "metadata": [],
                "spec": [
                  {
                    "container_concurrency": 0,
                    "containers": [
                      {
                        "args": null,
                        "command": null,
                        "env": [],
                        "env_from": [],
                        "image": "gcr.io/named-archway-413111/your-node-app:latest",
                        "liveness_probe": [],
                        "name": "",
                        "ports": [],
                        "resources": [],
                        "startup_probe": [],
                        "volume_mounts": [],
                        "working_dir": ""
                      }
                    ],
                    "service_account_name": "",
                    "serving_state": "",
                    "timeout_seconds": 0,
                    "volumes": []
                  }
                ]
              }
            ],
            "timeouts": null,
            "traffic": [
              {
                "latest_revision": true,
                "percent": 100,
                "revision_name": "",
                "tag": "",
                "url": ""
              }
            ]
          },
          "sensitive_attributes": [],
          "private": "eyJlMmJmYjczMC1lY2FhLTExZTYtOGY4OC0zNDM2M2JjN2M0YzAiOnsiY3JlYXRlIjoxMjAwMDAwMDAwMDAwLCJkZWxldGUiOjEyMDAwMDAwMDAwMDAsInVwZGF0ZSI6MTIwMDAwMDAwMDAwMH0sInNjaGVtYV92ZXJzaW9uIjoiMiJ9"
        }
      ]
    },
    {
      "mode": "managed",
      "type": "google_compute_network",
      "name": "vpc_network",
      "provider": "provider[\"registry.terraform.io/hashicorp/google\"]",
      "instances": [
        {
          "schema_version": 0,
          "attributes": {
            "auto_create_subnetworks": false,
            "delete_default_routes_on_create": false,
            "description": "",
            "enable_ula_internal_ipv6": false,
            "gateway_ipv4": "",
            "id": "projects/named-archway-413111/global/networks/my-vpc",
            "internal_ipv6_range": "",
            "mtu": 0,
            "name": "my-vpc",
            "network_firewall_policy_enforcement_order": "AFTER_CLASSIC_FIREWALL",
            "numeric_id": "618676036239023985",
            "project": "named-archway-413111",
            "routing_mode": "REGIONAL",
            "self_link": "https://www.googleapis.com/compute/v1/projects/named-archway-413111/global/networks/my-vpc",
            "timeouts": null
          },
          "sensitive_attributes": [],
          "private": "eyJlMmJmYjczMC1lY2FhLTExZTYtOGY4OC0zNDM2M2JjN2M0YzAiOnsiY3JlYXRlIjoxMjAwMDAwMDAwMDAwLCJkZWxldGUiOjEyMDAwMDAwMDAwMDAsInVwZGF0ZSI6MTIwMDAwMDAwMDAwMH19"
        }
      ]
    },
    {
      "mode": "managed",
      "type": "google_compute_subnetwork",
      "name": "subnet",
      "provider": "provider[\"registry.terraform.io/hashicorp/google\"]",
      "instances": [
        {
          "schema_version": 0,
          "attributes": {
            "creation_timestamp": "2024-02-04T02:06:34.996-08:00",
            "description": "",
            "external_ipv6_prefix": "",
            "fingerprint": null,
            "gateway_address": "10.0.0.1",
            "id": "projects/named-archway-413111/regions/us-central1/subnetworks/my-subnet",
            "internal_ipv6_prefix": "",
            "ip_cidr_range": "10.0.0.0/24",
            "ipv6_access_type": "",
            "ipv6_cidr_range": "",
            "log_config": [],
            "name": "my-subnet",
            "network": "https://www.googleapis.com/compute/v1/projects/named-archway-413111/global/networks/my-vpc",
            "private_ip_google_access": false,
            "private_ipv6_google_access": "DISABLE_GOOGLE_ACCESS",
            "project": "named-archway-413111",
            "purpose": "PRIVATE",
            "region": "us-central1",
            "role": "",
            "secondary_ip_range": [],
            "self_link": "https://www.googleapis.com/compute/v1/projects/named-archway-413111/regions/us-central1/subnetworks/my-subnet",
            "stack_type": "IPV4_ONLY",
            "timeouts": null
          },
          "sensitive_attributes": [],
          "private": "eyJlMmJmYjczMC1lY2FhLTExZTYtOGY4OC0zNDM2M2JjN2M0YzAiOnsiY3JlYXRlIjoxMjAwMDAwMDAwMDAwLCJkZWxldGUiOjEyMDAwMDAwMDAwMDAsInVwZGF0ZSI6MTIwMDAwMDAwMDAwMH19",
          "dependencies": [
            "google_compute_network.vpc_network"
          ]
        }
      ]
    },
    {
      "mode": "managed",
      "type": "google_project_service",
      "name": "cloud_resource_manager",
      "provider": "provider[\"registry.terraform.io/hashicorp/google\"]",
      "instances": [
        {
          "schema_version": 0,
          "attributes": {
            "disable_dependent_services": null,
            "disable_on_destroy": false,
            "id": "named-archway-413111/cloudresourcemanager.googleapis.com",
            "project": "named-archway-413111",
            "service": "cloudresourcemanager.googleapis.com",
            "timeouts": null
          },
          "sensitive_attributes": [],
          "private": "eyJlMmJmYjczMC1lY2FhLTExZTYtOGY4OC0zNDM2M2JjN2M0YzAiOnsiY3JlYXRlIjoxMjAwMDAwMDAwMDAwLCJkZWxldGUiOjEyMDAwMDAwMDAwMDAsInJlYWQiOjYwMDAwMDAwMDAwMCwidXBkYXRlIjoxMjAwMDAwMDAwMDAwfX0="
        }
      ]
    },
    {
      "mode": "managed",
      "type": "google_project_service",
      "name": "cloud_run",
      "provider": "provider[\"registry.terraform.io/hashicorp/google\"]",
      "instances": [
        {
          "schema_version": 0,
          "attributes": {
            "disable_dependent_services": null,
            "disable_on_destroy": false,
            "id": "named-archway-413111/run.googleapis.com",
            "project": "named-archway-413111",
            "service": "run.googleapis.com",
            "timeouts": null
          },
          "sensitive_attributes": [],
          "private": "eyJlMmJmYjczMC1lY2FhLTExZTYtOGY4OC0zNDM2M2JjN2M0YzAiOnsiY3JlYXRlIjoxMjAwMDAwMDAwMDAwLCJkZWxldGUiOjEyMDAwMDAwMDAwMDAsInJlYWQiOjYwMDAwMDAwMDAwMCwidXBkYXRlIjoxMjAwMDAwMDAwMDAwfX0="
        }
      ]
    },
    {
      "mode": "managed",
      "type": "google_project_service",
      "name": "compute_engine",
      "provider": "provider[\"registry.terraform.io/hashicorp/google\"]",
      "instances": [
        {
          "schema_version": 0,
          "attributes": {
            "disable_dependent_services": null,
            "disable_on_destroy": false,
            "id": "named-archway-413111/compute.googleapis.com",
            "project": "named-archway-413111",
            "service": "compute.googleapis.com",
            "timeouts": null
          },
          "sensitive_attributes": [],
          "private": "eyJlMmJmYjczMC1lY2FhLTExZTYtOGY4OC0zNDM2M2JjN2M0YzAiOnsiY3JlYXRlIjoxMjAwMDAwMDAwMDAwLCJkZWxldGUiOjEyMDAwMDAwMDAwMDAsInJlYWQiOjYwMDAwMDAwMDAwMCwidXBkYXRlIjoxMjAwMDAwMDAwMDAwfX0="
        }
      ]
    },
    {
      "mode": "managed",
      "type": "google_project_service",
      "name": "secret_manager",
      "provider": "provider[\"registry.terraform.io/hashicorp/google\"]",
      "instances": [
        {
          "schema_version": 0,
          "attributes": {
            "disable_dependent_services": null,
            "disable_on_destroy": false,
            "id": "named-archway-413111/secretmanager.googleapis.com",
            "project": "named-archway-413111",
            "service": "secretmanager.googleapis.com",
            "timeouts": null
          },
          "sensitive_attributes": [],
          "private": "eyJlMmJmYjczMC1lY2FhLTExZTYtOGY4OC0zNDM2M2JjN2M0YzAiOnsiY3JlYXRlIjoxMjAwMDAwMDAwMDAwLCJkZWxldGUiOjEyMDAwMDAwMDAwMDAsInJlYWQiOjYwMDAwMDAwMDAwMCwidXBkYXRlIjoxMjAwMDAwMDAwMDAwfX0="
        }
      ]
    },
    {
      "mode": "managed",
      "type": "google_project_service",
      "name": "sql",
      "provider": "provider[\"registry.terraform.io/hashicorp/google\"]",
      "instances": [
        {
          "schema_version": 0,
          "attributes": {
            "disable_dependent_services": null,
            "disable_on_destroy": false,
            "id": "named-archway-413111/sqladmin.googleapis.com",
            "project": "named-archway-413111",
            "service": "sqladmin.googleapis.com",
            "timeouts": null
          },
          "sensitive_attributes": [],
          "private": "eyJlMmJmYjczMC1lY2FhLTExZTYtOGY4OC0zNDM2M2JjN2M0YzAiOnsiY3JlYXRlIjoxMjAwMDAwMDAwMDAwLCJkZWxldGUiOjEyMDAwMDAwMDAwMDAsInJlYWQiOjYwMDAwMDAwMDAwMCwidXBkYXRlIjoxMjAwMDAwMDAwMDAwfX0="
        }
      ]
    },
    {
      "mode": "managed",
      "type": "google_secret_manager_secret",
      "name": "app_secrets",
      "provider": "provider[\"registry.terraform.io/hashicorp/google\"]",
      "instances": [
        {
          "schema_version": 0,
          "attributes": {
            "annotations": {},
            "create_time": "2024-02-04T10:06:24.134173Z",
            "effective_annotations": {},
            "effective_labels": {
              "my-key": "my-value"
            },
            "expire_time": "",
            "id": "projects/named-archway-413111/secrets/my-app-secrets",
            "labels": {
              "my-key": "my-value"
            },
            "name": "projects/876168632127/secrets/my-app-secrets",
            "project": "named-archway-413111",
            "replication": [
              {
                "auto": [
                  {
                    "customer_managed_encryption": []
                  }
                ],
                "user_managed": []
              }
            ],
            "rotation": [],
            "secret_id": "my-app-secrets",
            "terraform_labels": {
              "my-key": "my-value"
            },
            "timeouts": null,
            "topics": [],
            "ttl": null,
            "version_aliases": {}
          },
          "sensitive_attributes": [],
          "private": "eyJlMmJmYjczMC1lY2FhLTExZTYtOGY4OC0zNDM2M2JjN2M0YzAiOnsiY3JlYXRlIjoxMjAwMDAwMDAwMDAwLCJkZWxldGUiOjEyMDAwMDAwMDAwMDAsInVwZGF0ZSI6MTIwMDAwMDAwMDAwMH19"
        }
      ]
    },
    {
      "mode": "managed",
      "type": "google_secret_manager_secret_version",
      "name": "app_secrets_version",
      "provider": "provider[\"registry.terraform.io/hashicorp/google\"]",
      "instances": [
        {
          "schema_version": 0,
          "attributes": {
            "create_time": "2024-02-04T10:34:08.102877Z",
            "deletion_policy": "DELETE",
            "destroy_time": "",
            "enabled": true,
            "id": "projects/876168632127/secrets/my-app-secrets/versions/2",
            "is_secret_data_base64": false,
            "name": "projects/876168632127/secrets/my-app-secrets/versions/2",
            "secret": "projects/named-archway-413111/secrets/my-app-secrets",
            "secret_data": "{\"db_password\":\"dex123\",\"db_username\":\"dexarc\"}",
            "timeouts": null,
            "version": "2"
          },
          "sensitive_attributes": [],
          "private": "eyJlMmJmYjczMC1lY2FhLTExZTYtOGY4OC0zNDM2M2JjN2M0YzAiOnsiY3JlYXRlIjoxMjAwMDAwMDAwMDAwLCJkZWxldGUiOjEyMDAwMDAwMDAwMDAsInVwZGF0ZSI6MTIwMDAwMDAwMDAwMH19",
          "dependencies": [
            "google_secret_manager_secret.app_secrets"
          ]
        }
      ]
    },
    {
      "mode": "managed",
      "type": "google_sql_database",
      "name": "cloud_database",
      "provider": "provider[\"registry.terraform.io/hashicorp/google\"]",
      "instances": [
        {
          "schema_version": 0,
          "attributes": {
            "charset": "utf8mb4",
            "collation": "utf8mb4_0900_ai_ci",
            "deletion_policy": "DELETE",
            "id": "projects/named-archway-413111/instances/my-cloud-sql-instance/databases/my-database",
            "instance": "my-cloud-sql-instance",
            "name": "my-database",
            "project": "named-archway-413111",
            "self_link": "https://sqladmin.googleapis.com/sql/v1beta4/projects/named-archway-413111/instances/my-cloud-sql-instance/databases/my-database",
            "timeouts": null
          },
          "sensitive_attributes": [],
          "private": "eyJlMmJmYjczMC1lY2FhLTExZTYtOGY4OC0zNDM2M2JjN2M0YzAiOnsiY3JlYXRlIjoxMjAwMDAwMDAwMDAwLCJkZWxldGUiOjEyMDAwMDAwMDAwMDAsInVwZGF0ZSI6MTIwMDAwMDAwMDAwMH19",
          "dependencies": [
            "google_sql_database_instance.cloud_sql_instance"
          ]
        }
      ]
    },
    {
      "mode": "managed",
      "type": "google_sql_database_instance",
      "name": "cloud_sql_instance",
      "provider": "provider[\"registry.terraform.io/hashicorp/google\"]",
      "instances": [
        {
          "schema_version": 0,
          "attributes": {
            "available_maintenance_versions": [],
            "clone": [],
            "connection_name": "named-archway-413111:us-central1:my-cloud-sql-instance",
            "database_version": "MYSQL_8_0",
            "deletion_protection": true,
            "dns_name": "",
            "encryption_key_name": null,
            "first_ip_address": "34.41.241.216",
            "id": "my-cloud-sql-instance",
            "instance_type": "CLOUD_SQL_INSTANCE",
            "ip_address": [
              {
                "ip_address": "34.41.241.216",
                "time_to_retire": "",
                "type": "PRIMARY"
              }
            ],
            "maintenance_version": "MYSQL_8_0_31.R20231105.01_03",
            "master_instance_name": "",
            "name": "my-cloud-sql-instance",
            "private_ip_address": "",
            "project": "named-archway-413111",
            "psc_service_attachment_link": "",
            "public_ip_address": "34.41.241.216",
            "region": "us-central1",
            "replica_configuration": [],
            "restore_backup_context": [],
            "root_password": null,
            "self_link": "https://sqladmin.googleapis.com/sql/v1beta4/projects/named-archway-413111/instances/my-cloud-sql-instance",
            "server_ca_cert": [
              {
                "cert": "-----BEGIN CERTIFICATE-----\nMIIDfzCCAmegAwIBAgIBADANBgkqhkiG9w0BAQsFADB3MS0wKwYDVQQuEyRkZGNm\nZjljNC00MWViLTQxOWEtYTJiYS1kNWRlOTE4ZDBmMWMxIzAhBgNVBAMTGkdvb2ds\nZSBDbG91ZCBTUUwgU2VydmVyIENBMRQwEgYDVQQKEwtHb29nbGUsIEluYzELMAkG\nA1UEBhMCVVMwHhcNMjQwMjA0MTAwNjI0WhcNMzQwMjAxMTAwNzI0WjB3MS0wKwYD\nVQQuEyRkZGNmZjljNC00MWViLTQxOWEtYTJiYS1kNWRlOTE4ZDBmMWMxIzAhBgNV\nBAMTGkdvb2dsZSBDbG91ZCBTUUwgU2VydmVyIENBMRQwEgYDVQQKEwtHb29nbGUs\nIEluYzELMAkGA1UEBhMCVVMwggEiMA0GCSqGSIb3DQEBAQUAA4IBDwAwggEKAoIB\nAQCi77hHvyTd03Isj3ND8I7Q7WoVBnkntr9+Rkjkg953QadOKFZdQqLjw//zKi0j\nzGKLOvAKkU/Tnft0Rn9vXaL+8Wijlf31ZKsM4kLSz+TyUYc1gisAyQYG8ls6B+Yz\n6WwYo45GnXFYibYj3z7uyGbP4oWdfwO66Jw7S8JKlWatjF8Lq0p2gQ9UMh5c97kq\nYMtJjj2NEsYWDDIUQV5FAp4V8JSkSdKyHgDJocp+Noo0lgYs4aGDZFlOVjQBgW4N\nJGa54NrwKAA/cTQCWeVoh9ZKvuKUTmpOY20KXXU+Q3BrG+B42GAScBrxl7vdDe9s\nLQvMH4akM5Ll2sfMogB1F8aNAgMBAAGjFjAUMBIGA1UdEwEB/wQIMAYBAf8CAQAw\nDQYJKoZIhvcNAQELBQADggEBAIgVRHiug0EJNoQ7wAut5+ycbyBTI/QjJiOT0TdL\nGRNVeVi6usBOWdkB5BQnW601EFmgo99RYAGHyef+6v1mpuLhoDHzPMAD9UJ3EXTI\nQFhBGohtqQ3ubdiTvZEguVkX09OLzWAoNOuy7e6ybzOxIkwQuOhcF6ZtxEOjrQy0\naTkETeTv4iXQVWswXB8D+MKTUU6g0I1KJTXTj3KIS3wqt2KlkP0s8gnrBF5DSpGB\nCZCJqQ6JceYXPhZ1vxAg9xDGFc0qsw5vbJdQvsCTCrXBPwAb6SiaJSePqceDtxXZ\nVjGzWI1x7qBM7OEMZeY6spE+w6l0+4lmyDHoF8mhSiEm85U=\n-----END CERTIFICATE-----",
                "common_name": "C=US,O=Google\\, Inc,CN=Google Cloud SQL Server CA,dnQualifier=ddcff9c4-41eb-419a-a2ba-d5de918d0f1c",
                "create_time": "2024-02-04T10:06:24.198Z",
                "expiration_time": "2034-02-01T10:07:24.198Z",
                "sha1_fingerprint": "b37e85d4ba168af5ac37ca6f307c4c2552a59b90"
              }
            ],
            "service_account_email_address": "p876168632127-dpt0vv@gcp-sa-cloud-sql.iam.gserviceaccount.com",
            "settings": [
              {
                "activation_policy": "ALWAYS",
                "active_directory_config": [],
                "advanced_machine_features": [],
                "availability_type": "ZONAL",
                "backup_configuration": [
                  {
                    "backup_retention_settings": [
                      {
                        "retained_backups": 7,
                        "retention_unit": "COUNT"
                      }
                    ],
                    "binary_log_enabled": false,
                    "enabled": false,
                    "location": "",
                    "point_in_time_recovery_enabled": false,
                    "start_time": "08:00",
                    "transaction_log_retention_days": 7
                  }
                ],
                "collation": "",
                "connector_enforcement": "NOT_REQUIRED",
                "data_cache_config": [],
                "database_flags": [],
                "deletion_protection_enabled": false,
                "deny_maintenance_period": [],
                "disk_autoresize": true,
                "disk_autoresize_limit": 0,
                "disk_size": 10,
                "disk_type": "PD_SSD",
                "edition": "ENTERPRISE",
                "insights_config": [],
                "ip_configuration": [
                  {
                    "allocated_ip_range": "",
                    "authorized_networks": [],
                    "enable_private_path_for_google_cloud_services": false,
                    "ipv4_enabled": true,
                    "private_network": "",
                    "psc_config": [],
                    "require_ssl": false,
                    "ssl_mode": ""
                  }
                ],
                "location_preference": [
                  {
                    "follow_gae_application": "",
                    "secondary_zone": "",
                    "zone": "us-central1-c"
                  }
                ],
                "maintenance_window": [],
                "password_validation_policy": [],
                "pricing_plan": "PER_USE",
                "sql_server_audit_config": [],
                "tier": "db-f1-micro",
                "time_zone": "",
                "user_labels": {},
                "version": 1
              }
            ],
            "timeouts": null
          },
          "sensitive_attributes": [],
          "private": "eyJlMmJmYjczMC1lY2FhLTExZTYtOGY4OC0zNDM2M2JjN2M0YzAiOnsiY3JlYXRlIjoyNDAwMDAwMDAwMDAwLCJkZWxldGUiOjE4MDAwMDAwMDAwMDAsInVwZGF0ZSI6MTgwMDAwMDAwMDAwMH19"
        }
      ]
    }
  ],
  "check_results": null
}
