{
  "version": 4,
  "terraform_version": "1.6.3",
  "serial": 145,
  "lineage": "7f0199a8-af51-bbcf-44e6-c403c5557a5c",
  "outputs": {},
  "resources": [
    {
      "mode": "managed",
      "type": "google_sql_database_instance",
      "name": "cloud_sql_instance",
      "provider": "provider[\"registry.terraform.io/hashicorp/google\"]",
      "instances": [
        {
          "schema_version": 0,
          "attributes": {
            "available_maintenance_versions": [],
            "clone": [],
            "connection_name": "named-archway-413111:us-central1:my-cloud-sql-instance",
            "database_version": "MYSQL_8_0",
            "deletion_protection": true,
            "dns_name": "",
            "encryption_key_name": null,
            "first_ip_address": "104.154.118.37",
            "id": "my-cloud-sql-instance",
            "instance_type": "CLOUD_SQL_INSTANCE",
            "ip_address": [
              {
                "ip_address": "104.154.118.37",
                "time_to_retire": "",
                "type": "PRIMARY"
              }
            ],
            "maintenance_version": "MYSQL_8_0_31.R20231105.01_03",
            "master_instance_name": "",
            "name": "my-cloud-sql-instance",
            "private_ip_address": "",
            "project": "named-archway-413111",
            "psc_service_attachment_link": "",
            "public_ip_address": "104.154.118.37",
            "region": "us-central1",
            "replica_configuration": [],
            "restore_backup_context": [],
            "root_password": null,
            "self_link": "https://sqladmin.googleapis.com/sql/v1beta4/projects/named-archway-413111/instances/my-cloud-sql-instance",
            "server_ca_cert": [
              {
                "cert": "-----BEGIN CERTIFICATE-----\nMIIDfzCCAmegAwIBAgIBADANBgkqhkiG9w0BAQsFADB3MS0wKwYDVQQuEyQ1ZDlm\nNzU0MC1lMmUyLTQ0Y2ItODQ3MC0yMjUwZjFmMzdiNjExIzAhBgNVBAMTGkdvb2ds\nZSBDbG91ZCBTUUwgU2VydmVyIENBMRQwEgYDVQQKEwtHb29nbGUsIEluYzELMAkG\nA1UEBhMCVVMwHhcNMjQwMjA1MTAzMjM4WhcNMzQwMjAyMTAzMzM4WjB3MS0wKwYD\nVQQuEyQ1ZDlmNzU0MC1lMmUyLTQ0Y2ItODQ3MC0yMjUwZjFmMzdiNjExIzAhBgNV\nBAMTGkdvb2dsZSBDbG91ZCBTUUwgU2VydmVyIENBMRQwEgYDVQQKEwtHb29nbGUs\nIEluYzELMAkGA1UEBhMCVVMwggEiMA0GCSqGSIb3DQEBAQUAA4IBDwAwggEKAoIB\nAQCkjWM6GfIzuh0TFzWn/CPgAd20sax+QhOxedb/7XpYyM5acvO12os30ruwSv2E\nfXJjc12nGBAP2DfcxmomGrxAue9eGOjoh+AXJ41w1RHHT9aaquVcer/dEw3KE2Ks\nUbNqrIo1EUnw606+z71CchddIj5ZpeOjMblHqkNIRq/IMIeds0y+5KDYiyaCsmxx\nP0qYsTDga58/foO37UqjNWfCh798lpW/kKnFDqjQXZKSzx9POrF3x3R9miapp3pl\nrzojSPyA8LA+o0HwdPRnjkUGCGIGg/yW3A0wS8dkYxsa80AylPiMPych+TBe4Z8y\nzHfR0dbavjYeuEzYsuBwrTznAgMBAAGjFjAUMBIGA1UdEwEB/wQIMAYBAf8CAQAw\nDQYJKoZIhvcNAQELBQADggEBAIyhY3eQkkq/8gokNu9gCcsh55zosLpajBBxGGJ2\nbkEC0TjqkxPs8JB4ij2s1tdB78R8nDfvKfPajDY3azAB2OzHDIxqc2GNeC6UDfRf\nG/4hS/ofP4u9F2ciM/iU/xsDzBly3U4IioI7XRHau8gV0YmF81F5/lIaW4cITR4x\nl9gXToBGlp9om185E3gXFxkahJaY+j/xZeGS5eN/6GMScEAMhlGkTkqPgdLRbbLf\n3VNRulPxGMlZfBKHVvVhtqOk7EHrZ9mn9QFDVAZProjKAQkqABcDKJ5zrw63KDqc\nyRsjJfXG1Al0MyHUBx4h8p9urkaJ7By9M4BdDHgxWevOBHs=\n-----END CERTIFICATE-----",
                "common_name": "C=US,O=Google\\, Inc,CN=Google Cloud SQL Server CA,dnQualifier=5d9f7540-e2e2-44cb-8470-2250f1f37b61",
                "create_time": "2024-02-05T10:32:38.733Z",
                "expiration_time": "2034-02-02T10:33:38.733Z",
                "sha1_fingerprint": "5cdba7afca11b0f8c011ff50501d0f48e80f59a3"
              }
            ],
            "service_account_email_address": "p876168632127-b2bjme@gcp-sa-cloud-sql.iam.gserviceaccount.com",
            "settings": [
              {
                "activation_policy": "ALWAYS",
                "active_directory_config": [],
                "advanced_machine_features": [],
                "availability_type": "ZONAL",
                "backup_configuration": [
                  {
                    "backup_retention_settings": [
                      {
                        "retained_backups": 7,
                        "retention_unit": "COUNT"
                      }
                    ],
                    "binary_log_enabled": false,
                    "enabled": false,
                    "location": "",
                    "point_in_time_recovery_enabled": false,
                    "start_time": "15:00",
                    "transaction_log_retention_days": 7
                  }
                ],
                "collation": "",
                "connector_enforcement": "NOT_REQUIRED",
                "data_cache_config": [],
                "database_flags": [],
                "deletion_protection_enabled": false,
                "deny_maintenance_period": [],
                "disk_autoresize": true,
                "disk_autoresize_limit": 0,
                "disk_size": 10,
                "disk_type": "PD_SSD",
                "edition": "ENTERPRISE",
                "insights_config": [],
                "ip_configuration": [
                  {
                    "allocated_ip_range": "",
                    "authorized_networks": [],
                    "enable_private_path_for_google_cloud_services": false,
                    "ipv4_enabled": true,
                    "private_network": "",
                    "psc_config": [],
                    "require_ssl": false,
                    "ssl_mode": ""
                  }
                ],
                "location_preference": [
                  {
                    "follow_gae_application": "",
                    "secondary_zone": "",
                    "zone": "us-central1-b"
                  }
                ],
                "maintenance_window": [],
                "password_validation_policy": [],
                "pricing_plan": "PER_USE",
                "sql_server_audit_config": [],
                "tier": "db-f1-micro",
                "time_zone": "",
                "user_labels": {},
                "version": 1
              }
            ],
            "timeouts": null
          },
          "sensitive_attributes": [],
          "private": "eyJlMmJmYjczMC1lY2FhLTExZTYtOGY4OC0zNDM2M2JjN2M0YzAiOnsiY3JlYXRlIjoyNDAwMDAwMDAwMDAwLCJkZWxldGUiOjE4MDAwMDAwMDAwMDAsInVwZGF0ZSI6MTgwMDAwMDAwMDAwMH19"
        }
      ]
    }
  ],
  "check_results": null
}
